// !$*UTF8*$!
{
	archiveVersion = 1;
	classes = {
	};
	objectVersion = 46;
	objects = {

/* Begin PBXBuildFile section */
		B62848081988FD2A0030B89B /* Foundation.framework in Frameworks */ = {isa = PBXBuildFile; fileRef = B62848071988FD2A0030B89B /* Foundation.framework */; };
		B628480A1988FD2A0030B89B /* CoreGraphics.framework in Frameworks */ = {isa = PBXBuildFile; fileRef = B62848091988FD2A0030B89B /* CoreGraphics.framework */; };
		B628480C1988FD2A0030B89B /* UIKit.framework in Frameworks */ = {isa = PBXBuildFile; fileRef = B628480B1988FD2A0030B89B /* UIKit.framework */; };
		B62848121988FD2A0030B89B /* InfoPlist.strings in Resources */ = {isa = PBXBuildFile; fileRef = B62848101988FD2A0030B89B /* InfoPlist.strings */; };
		B62848141988FD2A0030B89B /* main.m in Sources */ = {isa = PBXBuildFile; fileRef = B62848131988FD2A0030B89B /* main.m */; };
		B62848181988FD2A0030B89B /* AppDelegate.m in Sources */ = {isa = PBXBuildFile; fileRef = B62848171988FD2A0030B89B /* AppDelegate.m */; };
		B628481B1988FD2A0030B89B /* Main.storyboard in Resources */ = {isa = PBXBuildFile; fileRef = B62848191988FD2A0030B89B /* Main.storyboard */; };
		B628481E1988FD2A0030B89B /* ViewController.m in Sources */ = {isa = PBXBuildFile; fileRef = B628481D1988FD2A0030B89B /* ViewController.m */; };
		B62848201988FD2A0030B89B /* Images.xcassets in Resources */ = {isa = PBXBuildFile; fileRef = B628481F1988FD2A0030B89B /* Images.xcassets */; };
		B62848271988FD2A0030B89B /* XCTest.framework in Frameworks */ = {isa = PBXBuildFile; fileRef = B62848261988FD2A0030B89B /* XCTest.framework */; };
		B62848281988FD2A0030B89B /* Foundation.framework in Frameworks */ = {isa = PBXBuildFile; fileRef = B62848071988FD2A0030B89B /* Foundation.framework */; };
		B62848291988FD2A0030B89B /* UIKit.framework in Frameworks */ = {isa = PBXBuildFile; fileRef = B628480B1988FD2A0030B89B /* UIKit.framework */; };
		B62848311988FD2A0030B89B /* InfoPlist.strings in Resources */ = {isa = PBXBuildFile; fileRef = B628482F1988FD2A0030B89B /* InfoPlist.strings */; };
		B62848331988FD2A0030B89B /* DownloadDemoTests.m in Sources */ = {isa = PBXBuildFile; fileRef = B62848321988FD2A0030B89B /* DownloadDemoTests.m */; };
		B62848451988FFC60030B89B /* AppInfo.m in Sources */ = {isa = PBXBuildFile; fileRef = B62848441988FFC60030B89B /* AppInfo.m */; };
		B6284852198906720030B89B /* LocalDownloadedAppInfo.m in Sources */ = {isa = PBXBuildFile; fileRef = B6284851198906720030B89B /* LocalDownloadedAppInfo.m */; };
		B654A5A919EE0B04001AEE8F /* TDownloadItem.m in Sources */ = {isa = PBXBuildFile; fileRef = B654A59919EE0B04001AEE8F /* TDownloadItem.m */; };
		B654A5AA19EE0B04001AEE8F /* TDownloadQueue.m in Sources */ = {isa = PBXBuildFile; fileRef = B654A59B19EE0B04001AEE8F /* TDownloadQueue.m */; };
		B654A5AB19EE0B04001AEE8F /* TDownloadQueueItem.m in Sources */ = {isa = PBXBuildFile; fileRef = B654A59E19EE0B04001AEE8F /* TDownloadQueueItem.m */; };
		B654A5AC19EE0B04001AEE8F /* TLocalAppManager.m in Sources */ = {isa = PBXBuildFile; fileRef = B654A5A119EE0B04001AEE8F /* TLocalAppManager.m */; };
		B654A5AD19EE0B04001AEE8F /* InstallOperation.m in Sources */ = {isa = PBXBuildFile; fileRef = B654A5A419EE0B04001AEE8F /* InstallOperation.m */; };
		B654A5AE19EE0B04001AEE8F /* TApplicationManager.m in Sources */ = {isa = PBXBuildFile; fileRef = B654A5A619EE0B04001AEE8F /* TApplicationManager.m */; };
		B654A5AF19EE0B04001AEE8F /* UninstallOperation.m in Sources */ = {isa = PBXBuildFile; fileRef = B654A5A819EE0B04001AEE8F /* UninstallOperation.m */; };
		B654A5B219EE1588001AEE8F /* LocalAppInfo.m in Sources */ = {isa = PBXBuildFile; fileRef = B654A5B119EE1588001AEE8F /* LocalAppInfo.m */; };
		B654A5BA19EE15D8001AEE8F /* FMDatabase.m in Sources */ = {isa = PBXBuildFile; fileRef = B654A5B519EE15D8001AEE8F /* FMDatabase.m */; };
		B654A5BB19EE15D8001AEE8F /* FMDatabaseAdditions.m in Sources */ = {isa = PBXBuildFile; fileRef = B654A5B719EE15D8001AEE8F /* FMDatabaseAdditions.m */; };
		B654A5BC19EE15D8001AEE8F /* FMResultSet.m in Sources */ = {isa = PBXBuildFile; fileRef = B654A5B919EE15D8001AEE8F /* FMResultSet.m */; };
		B654A5EB19EE16EB001AEE8F /* MSHelper.mm in Sources */ = {isa = PBXBuildFile; fileRef = B654A5C219EE16EB001AEE8F /* MSHelper.mm */; };
		B654A5EC19EE16EB001AEE8F /* MSHelper.symbols in Resources */ = {isa = PBXBuildFile; fileRef = B654A5C319EE16EB001AEE8F /* MSHelper.symbols */; };
		B654A5ED19EE16EB001AEE8F /* Reachability.m in Sources */ = {isa = PBXBuildFile; fileRef = B654A5C519EE16EB001AEE8F /* Reachability.m */; };
		B654A5EE19EE16EB001AEE8F /* TKCodeHelper.mm in Sources */ = {isa = PBXBuildFile; fileRef = B654A5C719EE16EB001AEE8F /* TKCodeHelper.mm */; };
		B654A5EF19EE16EB001AEE8F /* mergeArmSymbols.sh in Resources */ = {isa = PBXBuildFile; fileRef = B654A5CB19EE16EB001AEE8F /* mergeArmSymbols.sh */; };
		B654A5F019EE16EB001AEE8F /* UIColor+tk.m in Sources */ = {isa = PBXBuildFile; fileRef = B654A5D119EE16EB001AEE8F /* UIColor+tk.m */; };
		B654A5F119EE16EB001AEE8F /* UIImage+Color.m in Sources */ = {isa = PBXBuildFile; fileRef = B654A5D319EE16EB001AEE8F /* UIImage+Color.m */; };
		B654A5F219EE16EB001AEE8F /* UINavigationItem+Margin.m in Sources */ = {isa = PBXBuildFile; fileRef = B654A5D619EE16EB001AEE8F /* UINavigationItem+Margin.m */; };
		B654A5F319EE16EB001AEE8F /* UIView+extention.m in Sources */ = {isa = PBXBuildFile; fileRef = B654A5D819EE16EB001AEE8F /* UIView+extention.m */; };
		B654A5F419EE16EB001AEE8F /* UIView+frame.m in Sources */ = {isa = PBXBuildFile; fileRef = B654A5DA19EE16EB001AEE8F /* UIView+frame.m */; };
		B654A5F519EE16EB001AEE8F /* UIView+Hierarchy2.m in Sources */ = {isa = PBXBuildFile; fileRef = B654A5DC19EE16EB001AEE8F /* UIView+Hierarchy2.m */; };
		B654A5F619EE16EB001AEE8F /* iToast.m in Sources */ = {isa = PBXBuildFile; fileRef = B654A5E019EE16EB001AEE8F /* iToast.m */; };
		B654A5F719EE16EB001AEE8F /* UITAssistiveTouch.m in Sources */ = {isa = PBXBuildFile; fileRef = B654A5E319EE16EB001AEE8F /* UITAssistiveTouch.m */; };
		B654A5F819EE16EB001AEE8F /* UITLoadingMaskView.m in Sources */ = {isa = PBXBuildFile; fileRef = B654A5E619EE16EB001AEE8F /* UITLoadingMaskView.m */; };
		B654A5F919EE16EB001AEE8F /* UITModalView.m in Sources */ = {isa = PBXBuildFile; fileRef = B654A5E919EE16EB001AEE8F /* UITModalView.m */; };
		B654A63119EE69A7001AEE8F /* Main.storyboard in Resources */ = {isa = PBXBuildFile; fileRef = B654A5FC19EE69A7001AEE8F /* Main.storyboard */; };
		B654A63219EE69A7001AEE8F /* InfoPlist.strings in Resources */ = {isa = PBXBuildFile; fileRef = B654A5FE19EE69A7001AEE8F /* InfoPlist.strings */; };
		B654A63319EE69A7001AEE8F /* Images.xcassets in Resources */ = {isa = PBXBuildFile; fileRef = B654A60019EE69A7001AEE8F /* Images.xcassets */; };
		B654A63419EE69A7001AEE8F /* main.m in Sources */ = {isa = PBXBuildFile; fileRef = B654A60119EE69A7001AEE8F /* main.m */; };
		B654A63519EE69A7001AEE8F /* pause.png in Resources */ = {isa = PBXBuildFile; fileRef = B654A60419EE69A7001AEE8F /* pause.png */; };
		B654A63619EE69A7001AEE8F /* pause@2x.png in Resources */ = {isa = PBXBuildFile; fileRef = B654A60519EE69A7001AEE8F /* pause@2x.png */; };
		B654A63719EE69A7001AEE8F /* play.png in Resources */ = {isa = PBXBuildFile; fileRef = B654A60619EE69A7001AEE8F /* play.png */; };
		B654A63819EE69A7001AEE8F /* play@2x.png in Resources */ = {isa = PBXBuildFile; fileRef = B654A60719EE69A7001AEE8F /* play@2x.png */; };
		B654A63919EE69A7001AEE8F /* zoomin.png in Resources */ = {isa = PBXBuildFile; fileRef = B654A60819EE69A7001AEE8F /* zoomin.png */; };
		B654A63A19EE69A7001AEE8F /* zoomin@2x.png in Resources */ = {isa = PBXBuildFile; fileRef = B654A60919EE69A7001AEE8F /* zoomin@2x.png */; };
		B654A63B19EE69A7001AEE8F /* zoomout.png in Resources */ = {isa = PBXBuildFile; fileRef = B654A60A19EE69A7001AEE8F /* zoomout.png */; };
		B654A63C19EE69A7001AEE8F /* zoomout@2x.png in Resources */ = {isa = PBXBuildFile; fileRef = B654A60B19EE69A7001AEE8F /* zoomout@2x.png */; };
		B654A63D19EE69A7001AEE8F /* VideoPlayerObj.m in Sources */ = {isa = PBXBuildFile; fileRef = B654A60D19EE69A7001AEE8F /* VideoPlayerObj.m */; };
		B654A63E19EE69A7001AEE8F /* VPVideoPlayerView.m in Sources */ = {isa = PBXBuildFile; fileRef = B654A60F19EE69A7001AEE8F /* VPVideoPlayerView.m */; };
		B654A63F19EE69A7001AEE8F /* CustomSliderView.m in Sources */ = {isa = PBXBuildFile; fileRef = B654A61219EE69A7001AEE8F /* CustomSliderView.m */; };
		B654A64019EE69A7001AEE8F /* higlightedBarBackground@2x.png in Resources */ = {isa = PBXBuildFile; fileRef = B654A61419EE69A7001AEE8F /* higlightedBarBackground@2x.png */; };
		B654A64119EE69A7001AEE8F /* point.png in Resources */ = {isa = PBXBuildFile; fileRef = B654A61519EE69A7001AEE8F /* point.png */; };
		B654A64219EE69A7001AEE8F /* point1*1.png in Resources */ = {isa = PBXBuildFile; fileRef = B654A61619EE69A7001AEE8F /* point1*1.png */; };
		B654A64319EE69A7001AEE8F /* point@2x.png in Resources */ = {isa = PBXBuildFile; fileRef = B654A61719EE69A7001AEE8F /* point@2x.png */; };
		B654A64419EE69A7001AEE8F /* test.mp4 in Resources */ = {isa = PBXBuildFile; fileRef = B654A61819EE69A7001AEE8F /* test.mp4 */; };
		B654A64519EE69A7001AEE8F /* trackBackground@2x.png in Resources */ = {isa = PBXBuildFile; fileRef = B654A61919EE69A7001AEE8F /* trackBackground@2x.png */; };
		B654A64619EE69A7001AEE8F /* CCGetP2PData.m in Sources */ = {isa = PBXBuildFile; fileRef = B654A61C19EE69A7001AEE8F /* CCGetP2PData.m */; };
		B654A64719EE69A7001AEE8F /* CCGetP2PUrl.m in Sources */ = {isa = PBXBuildFile; fileRef = B654A61E19EE69A7001AEE8F /* CCGetP2PUrl.m */; };
		B654A64819EE69A7001AEE8F /* VidoPlayer-Info.plist in Resources */ = {isa = PBXBuildFile; fileRef = B654A61F19EE69A7001AEE8F /* VidoPlayer-Info.plist */; };
		B654A64919EE69A7001AEE8F /* VPAdView.m in Sources */ = {isa = PBXBuildFile; fileRef = B654A62219EE69A7001AEE8F /* VPAdView.m */; };
		B654A64A19EE69A7001AEE8F /* VPAppDelegate.m in Sources */ = {isa = PBXBuildFile; fileRef = B654A62419EE69A7001AEE8F /* VPAppDelegate.m */; };
		B654A64B19EE69A7001AEE8F /* VPVideoPlayerViewController.m in Sources */ = {isa = PBXBuildFile; fileRef = B654A62619EE69A7001AEE8F /* VPVideoPlayerViewController.m */; };
		B654A64C19EE69A7001AEE8F /* VPViewController.m in Sources */ = {isa = PBXBuildFile; fileRef = B654A62819EE69A7001AEE8F /* VPViewController.m */; };
		B654A64D19EE69A7001AEE8F /* InfoPlist.strings in Resources */ = {isa = PBXBuildFile; fileRef = B654A62D19EE69A7001AEE8F /* InfoPlist.strings */; };
		B654A64E19EE69A7001AEE8F /* VidoPlayerTests-Info.plist in Resources */ = {isa = PBXBuildFile; fileRef = B654A62F19EE69A7001AEE8F /* VidoPlayerTests-Info.plist */; };
		B654A64F19EE69A7001AEE8F /* VidoPlayerTests.m in Sources */ = {isa = PBXBuildFile; fileRef = B654A63019EE69A7001AEE8F /* VidoPlayerTests.m */; };
		B6F4599B198B9CDF00F1331A /* AFHTTPClient.m in Sources */ = {isa = PBXBuildFile; fileRef = B6F45989198B9CDF00F1331A /* AFHTTPClient.m */; };
		B6F4599C198B9CDF00F1331A /* AFHTTPRequestOperation.m in Sources */ = {isa = PBXBuildFile; fileRef = B6F4598B198B9CDF00F1331A /* AFHTTPRequestOperation.m */; settings = {COMPILER_FLAGS = "-fobjc-arc"; }; };
		B6F4599D198B9CDF00F1331A /* AFImageRequestOperation.m in Sources */ = {isa = PBXBuildFile; fileRef = B6F4598D198B9CDF00F1331A /* AFImageRequestOperation.m */; };
		B6F4599E198B9CDF00F1331A /* AFJSONRequestOperation.m in Sources */ = {isa = PBXBuildFile; fileRef = B6F4598F198B9CDF00F1331A /* AFJSONRequestOperation.m */; };
		B6F4599F198B9CDF00F1331A /* AFNetworkActivityIndicatorManager.m in Sources */ = {isa = PBXBuildFile; fileRef = B6F45991198B9CDF00F1331A /* AFNetworkActivityIndicatorManager.m */; };
		B6F459A0198B9CDF00F1331A /* AFPropertyListRequestOperation.m in Sources */ = {isa = PBXBuildFile; fileRef = B6F45994198B9CDF00F1331A /* AFPropertyListRequestOperation.m */; };
		B6F459A1198B9CDF00F1331A /* AFURLConnectionOperation.m in Sources */ = {isa = PBXBuildFile; fileRef = B6F45996198B9CDF00F1331A /* AFURLConnectionOperation.m */; settings = {COMPILER_FLAGS = "-fobjc-arc"; }; };
		B6F459A2198B9CDF00F1331A /* AFXMLRequestOperation.m in Sources */ = {isa = PBXBuildFile; fileRef = B6F45998198B9CDF00F1331A /* AFXMLRequestOperation.m */; };
		B6F459A3198B9CDF00F1331A /* UIImageView+AFNetworking.m in Sources */ = {isa = PBXBuildFile; fileRef = B6F4599A198B9CDF00F1331A /* UIImageView+AFNetworking.m */; };
/* End PBXBuildFile section */

/* Begin PBXContainerItemProxy section */
		B628482A1988FD2A0030B89B /* PBXContainerItemProxy */ = {
			isa = PBXContainerItemProxy;
			containerPortal = B62847FC1988FD2A0030B89B /* Project object */;
			proxyType = 1;
			remoteGlobalIDString = B62848031988FD2A0030B89B;
			remoteInfo = DownloadDemo;
		};
		B654A65219EE69A7001AEE8F /* PBXContainerItemProxy */ = {
			isa = PBXContainerItemProxy;
			containerPortal = B654A62919EE69A7001AEE8F /* VidoPlayer.xcodeproj */;
			proxyType = 2;
			remoteGlobalIDString = A8D1D90519B48B990036C3C2;
			remoteInfo = VidoPlayer;
		};
		B654A65419EE69A7001AEE8F /* PBXContainerItemProxy */ = {
			isa = PBXContainerItemProxy;
			containerPortal = B654A62919EE69A7001AEE8F /* VidoPlayer.xcodeproj */;
			proxyType = 2;
			remoteGlobalIDString = A8D1D92619B48B990036C3C2;
			remoteInfo = VidoPlayerTests;
		};
/* End PBXContainerItemProxy section */

/* Begin PBXFileReference section */
		B62848041988FD2A0030B89B /* DownloadDemo.app */ = {isa = PBXFileReference; explicitFileType = wrapper.application; includeInIndex = 0; path = DownloadDemo.app; sourceTree = BUILT_PRODUCTS_DIR; };
		B62848071988FD2A0030B89B /* Foundation.framework */ = {isa = PBXFileReference; lastKnownFileType = wrapper.framework; name = Foundation.framework; path = System/Library/Frameworks/Foundation.framework; sourceTree = SDKROOT; };
		B62848091988FD2A0030B89B /* CoreGraphics.framework */ = {isa = PBXFileReference; lastKnownFileType = wrapper.framework; name = CoreGraphics.framework; path = System/Library/Frameworks/CoreGraphics.framework; sourceTree = SDKROOT; };
		B628480B1988FD2A0030B89B /* UIKit.framework */ = {isa = PBXFileReference; lastKnownFileType = wrapper.framework; name = UIKit.framework; path = System/Library/Frameworks/UIKit.framework; sourceTree = SDKROOT; };
		B628480F1988FD2A0030B89B /* DownloadDemo-Info.plist */ = {isa = PBXFileReference; lastKnownFileType = text.plist.xml; path = "DownloadDemo-Info.plist"; sourceTree = "<group>"; };
		B62848111988FD2A0030B89B /* en */ = {isa = PBXFileReference; lastKnownFileType = text.plist.strings; name = en; path = en.lproj/InfoPlist.strings; sourceTree = "<group>"; };
		B62848131988FD2A0030B89B /* main.m */ = {isa = PBXFileReference; lastKnownFileType = sourcecode.c.objc; path = main.m; sourceTree = "<group>"; };
		B62848151988FD2A0030B89B /* DownloadDemo-Prefix.pch */ = {isa = PBXFileReference; lastKnownFileType = sourcecode.c.h; path = "DownloadDemo-Prefix.pch"; sourceTree = "<group>"; };
		B62848161988FD2A0030B89B /* AppDelegate.h */ = {isa = PBXFileReference; lastKnownFileType = sourcecode.c.h; path = AppDelegate.h; sourceTree = "<group>"; };
		B62848171988FD2A0030B89B /* AppDelegate.m */ = {isa = PBXFileReference; lastKnownFileType = sourcecode.c.objc; path = AppDelegate.m; sourceTree = "<group>"; };
		B628481A1988FD2A0030B89B /* Base */ = {isa = PBXFileReference; lastKnownFileType = file.storyboard; name = Base; path = Base.lproj/Main.storyboard; sourceTree = "<group>"; };
		B628481C1988FD2A0030B89B /* ViewController.h */ = {isa = PBXFileReference; lastKnownFileType = sourcecode.c.h; path = ViewController.h; sourceTree = "<group>"; };
		B628481D1988FD2A0030B89B /* ViewController.m */ = {isa = PBXFileReference; lastKnownFileType = sourcecode.c.objc; path = ViewController.m; sourceTree = "<group>"; };
		B628481F1988FD2A0030B89B /* Images.xcassets */ = {isa = PBXFileReference; lastKnownFileType = folder.assetcatalog; path = Images.xcassets; sourceTree = "<group>"; };
		B62848251988FD2A0030B89B /* DownloadDemoTests.xctest */ = {isa = PBXFileReference; explicitFileType = wrapper.cfbundle; includeInIndex = 0; path = DownloadDemoTests.xctest; sourceTree = BUILT_PRODUCTS_DIR; };
		B62848261988FD2A0030B89B /* XCTest.framework */ = {isa = PBXFileReference; lastKnownFileType = wrapper.framework; name = XCTest.framework; path = Library/Frameworks/XCTest.framework; sourceTree = DEVELOPER_DIR; };
		B628482E1988FD2A0030B89B /* DownloadDemoTests-Info.plist */ = {isa = PBXFileReference; lastKnownFileType = text.plist.xml; path = "DownloadDemoTests-Info.plist"; sourceTree = "<group>"; };
		B62848301988FD2A0030B89B /* en */ = {isa = PBXFileReference; lastKnownFileType = text.plist.strings; name = en; path = en.lproj/InfoPlist.strings; sourceTree = "<group>"; };
		B62848321988FD2A0030B89B /* DownloadDemoTests.m */ = {isa = PBXFileReference; lastKnownFileType = sourcecode.c.objc; path = DownloadDemoTests.m; sourceTree = "<group>"; };
		B62848431988FFC60030B89B /* AppInfo.h */ = {isa = PBXFileReference; fileEncoding = 4; lastKnownFileType = sourcecode.c.h; path = AppInfo.h; sourceTree = "<group>"; };
		B62848441988FFC60030B89B /* AppInfo.m */ = {isa = PBXFileReference; fileEncoding = 4; lastKnownFileType = sourcecode.c.objc; path = AppInfo.m; sourceTree = "<group>"; };
		B628484F198902ED0030B89B /* DYMicro.h */ = {isa = PBXFileReference; fileEncoding = 4; lastKnownFileType = sourcecode.c.h; path = DYMicro.h; sourceTree = "<group>"; };
		B6284850198906720030B89B /* LocalDownloadedAppInfo.h */ = {isa = PBXFileReference; fileEncoding = 4; lastKnownFileType = sourcecode.c.h; path = LocalDownloadedAppInfo.h; sourceTree = "<group>"; };
		B6284851198906720030B89B /* LocalDownloadedAppInfo.m */ = {isa = PBXFileReference; fileEncoding = 4; lastKnownFileType = sourcecode.c.objc; path = LocalDownloadedAppInfo.m; sourceTree = "<group>"; };
		B654A59819EE0B04001AEE8F /* TDownloadItem.h */ = {isa = PBXFileReference; fileEncoding = 4; lastKnownFileType = sourcecode.c.h; path = TDownloadItem.h; sourceTree = "<group>"; };
		B654A59919EE0B04001AEE8F /* TDownloadItem.m */ = {isa = PBXFileReference; fileEncoding = 4; lastKnownFileType = sourcecode.c.objc; path = TDownloadItem.m; sourceTree = "<group>"; };
		B654A59A19EE0B04001AEE8F /* TDownloadQueue.h */ = {isa = PBXFileReference; fileEncoding = 4; lastKnownFileType = sourcecode.c.h; path = TDownloadQueue.h; sourceTree = "<group>"; };
		B654A59B19EE0B04001AEE8F /* TDownloadQueue.m */ = {isa = PBXFileReference; fileEncoding = 4; lastKnownFileType = sourcecode.c.objc; path = TDownloadQueue.m; sourceTree = "<group>"; };
		B654A59C19EE0B04001AEE8F /* TDownloadQueueDelegate.h */ = {isa = PBXFileReference; fileEncoding = 4; lastKnownFileType = sourcecode.c.h; path = TDownloadQueueDelegate.h; sourceTree = "<group>"; };
		B654A59D19EE0B04001AEE8F /* TDownloadQueueItem.h */ = {isa = PBXFileReference; fileEncoding = 4; lastKnownFileType = sourcecode.c.h; path = TDownloadQueueItem.h; sourceTree = "<group>"; };
		B654A59E19EE0B04001AEE8F /* TDownloadQueueItem.m */ = {isa = PBXFileReference; fileEncoding = 4; lastKnownFileType = sourcecode.c.objc; path = TDownloadQueueItem.m; sourceTree = "<group>"; };
		B654A59F19EE0B04001AEE8F /* TDownloadQueueItemDelegate.h */ = {isa = PBXFileReference; fileEncoding = 4; lastKnownFileType = sourcecode.c.h; path = TDownloadQueueItemDelegate.h; sourceTree = "<group>"; };
		B654A5A019EE0B04001AEE8F /* TLocalAppManager.h */ = {isa = PBXFileReference; fileEncoding = 4; lastKnownFileType = sourcecode.c.h; path = TLocalAppManager.h; sourceTree = "<group>"; };
		B654A5A119EE0B04001AEE8F /* TLocalAppManager.m */ = {isa = PBXFileReference; fileEncoding = 4; lastKnownFileType = sourcecode.c.objc; path = TLocalAppManager.m; sourceTree = "<group>"; };
		B654A5A319EE0B04001AEE8F /* InstallOperation.h */ = {isa = PBXFileReference; fileEncoding = 4; lastKnownFileType = sourcecode.c.h; path = InstallOperation.h; sourceTree = "<group>"; };
		B654A5A419EE0B04001AEE8F /* InstallOperation.m */ = {isa = PBXFileReference; fileEncoding = 4; lastKnownFileType = sourcecode.c.objc; path = InstallOperation.m; sourceTree = "<group>"; };
		B654A5A519EE0B04001AEE8F /* TApplicationManager.h */ = {isa = PBXFileReference; fileEncoding = 4; lastKnownFileType = sourcecode.c.h; path = TApplicationManager.h; sourceTree = "<group>"; };
		B654A5A619EE0B04001AEE8F /* TApplicationManager.m */ = {isa = PBXFileReference; fileEncoding = 4; lastKnownFileType = sourcecode.c.objc; path = TApplicationManager.m; sourceTree = "<group>"; };
		B654A5A719EE0B04001AEE8F /* UninstallOperation.h */ = {isa = PBXFileReference; fileEncoding = 4; lastKnownFileType = sourcecode.c.h; path = UninstallOperation.h; sourceTree = "<group>"; };
		B654A5A819EE0B04001AEE8F /* UninstallOperation.m */ = {isa = PBXFileReference; fileEncoding = 4; lastKnownFileType = sourcecode.c.objc; path = UninstallOperation.m; sourceTree = "<group>"; };
		B654A5B019EE1588001AEE8F /* LocalAppInfo.h */ = {isa = PBXFileReference; fileEncoding = 4; lastKnownFileType = sourcecode.c.h; path = LocalAppInfo.h; sourceTree = "<group>"; };
		B654A5B119EE1588001AEE8F /* LocalAppInfo.m */ = {isa = PBXFileReference; fileEncoding = 4; lastKnownFileType = sourcecode.c.objc; path = LocalAppInfo.m; sourceTree = "<group>"; };
		B654A5B419EE15D8001AEE8F /* FMDatabase.h */ = {isa = PBXFileReference; fileEncoding = 4; lastKnownFileType = sourcecode.c.h; path = FMDatabase.h; sourceTree = "<group>"; };
		B654A5B519EE15D8001AEE8F /* FMDatabase.m */ = {isa = PBXFileReference; fileEncoding = 4; lastKnownFileType = sourcecode.c.objc; path = FMDatabase.m; sourceTree = "<group>"; };
		B654A5B619EE15D8001AEE8F /* FMDatabaseAdditions.h */ = {isa = PBXFileReference; fileEncoding = 4; lastKnownFileType = sourcecode.c.h; path = FMDatabaseAdditions.h; sourceTree = "<group>"; };
		B654A5B719EE15D8001AEE8F /* FMDatabaseAdditions.m */ = {isa = PBXFileReference; fileEncoding = 4; lastKnownFileType = sourcecode.c.objc; path = FMDatabaseAdditions.m; sourceTree = "<group>"; };
		B654A5B819EE15D8001AEE8F /* FMResultSet.h */ = {isa = PBXFileReference; fileEncoding = 4; lastKnownFileType = sourcecode.c.h; path = FMResultSet.h; sourceTree = "<group>"; };
		B654A5B919EE15D8001AEE8F /* FMResultSet.m */ = {isa = PBXFileReference; fileEncoding = 4; lastKnownFileType = sourcecode.c.objc; path = FMResultSet.m; sourceTree = "<group>"; };
		B654A5BF19EE16EB001AEE8F /* AppImages.h */ = {isa = PBXFileReference; fileEncoding = 4; lastKnownFileType = sourcecode.c.h; path = AppImages.h; sourceTree = "<group>"; };
		B654A5C019EE16EB001AEE8F /* AppStrings.h */ = {isa = PBXFileReference; fileEncoding = 4; lastKnownFileType = sourcecode.c.h; path = AppStrings.h; sourceTree = "<group>"; };
		B654A5C119EE16EB001AEE8F /* MSHelper.h */ = {isa = PBXFileReference; fileEncoding = 4; lastKnownFileType = sourcecode.c.h; path = MSHelper.h; sourceTree = "<group>"; };
		B654A5C219EE16EB001AEE8F /* MSHelper.mm */ = {isa = PBXFileReference; fileEncoding = 4; lastKnownFileType = sourcecode.cpp.objcpp; path = MSHelper.mm; sourceTree = "<group>"; };
		B654A5C319EE16EB001AEE8F /* MSHelper.symbols */ = {isa = PBXFileReference; fileEncoding = 4; lastKnownFileType = text; path = MSHelper.symbols; sourceTree = "<group>"; };
		B654A5C419EE16EB001AEE8F /* Reachability.h */ = {isa = PBXFileReference; fileEncoding = 4; lastKnownFileType = sourcecode.c.h; path = Reachability.h; sourceTree = "<group>"; };
		B654A5C519EE16EB001AEE8F /* Reachability.m */ = {isa = PBXFileReference; fileEncoding = 4; lastKnownFileType = sourcecode.c.objc; path = Reachability.m; sourceTree = "<group>"; };
		B654A5C619EE16EB001AEE8F /* TKCodeHelper.h */ = {isa = PBXFileReference; fileEncoding = 4; lastKnownFileType = sourcecode.c.h; path = TKCodeHelper.h; sourceTree = "<group>"; };
		B654A5C719EE16EB001AEE8F /* TKCodeHelper.mm */ = {isa = PBXFileReference; fileEncoding = 4; lastKnownFileType = sourcecode.cpp.objcpp; path = TKCodeHelper.mm; sourceTree = "<group>"; };
		B654A5C819EE16EB001AEE8F /* TKDebug.h */ = {isa = PBXFileReference; fileEncoding = 4; lastKnownFileType = sourcecode.c.h; path = TKDebug.h; sourceTree = "<group>"; };
		B654A5C919EE16EB001AEE8F /* TKMicro.h */ = {isa = PBXFileReference; fileEncoding = 4; lastKnownFileType = sourcecode.c.h; path = TKMicro.h; sourceTree = "<group>"; };
		B654A5CB19EE16EB001AEE8F /* mergeArmSymbols.sh */ = {isa = PBXFileReference; fileEncoding = 4; lastKnownFileType = text.script.sh; path = mergeArmSymbols.sh; sourceTree = "<group>"; };
		B654A5CD19EE16EB001AEE8F /* UIApplication+Launch.h */ = {isa = PBXFileReference; fileEncoding = 4; lastKnownFileType = sourcecode.c.h; path = "UIApplication+Launch.h"; sourceTree = "<group>"; };
		B654A5CE19EE16EB001AEE8F /* TKit-Prefix.pch */ = {isa = PBXFileReference; fileEncoding = 4; lastKnownFileType = sourcecode.c.h; path = "TKit-Prefix.pch"; sourceTree = "<group>"; };
		B654A5D019EE16EB001AEE8F /* UIColor+tk.h */ = {isa = PBXFileReference; fileEncoding = 4; lastKnownFileType = sourcecode.c.h; path = "UIColor+tk.h"; sourceTree = "<group>"; };
		B654A5D119EE16EB001AEE8F /* UIColor+tk.m */ = {isa = PBXFileReference; fileEncoding = 4; lastKnownFileType = sourcecode.c.objc; path = "UIColor+tk.m"; sourceTree = "<group>"; };
		B654A5D219EE16EB001AEE8F /* UIImage+Color.h */ = {isa = PBXFileReference; fileEncoding = 4; lastKnownFileType = sourcecode.c.h; path = "UIImage+Color.h"; sourceTree = "<group>"; };
		B654A5D319EE16EB001AEE8F /* UIImage+Color.m */ = {isa = PBXFileReference; fileEncoding = 4; lastKnownFileType = sourcecode.c.objc; path = "UIImage+Color.m"; sourceTree = "<group>"; };
		B654A5D519EE16EB001AEE8F /* UINavigationItem+Margin.h */ = {isa = PBXFileReference; fileEncoding = 4; lastKnownFileType = sourcecode.c.h; path = "UINavigationItem+Margin.h"; sourceTree = "<group>"; };
		B654A5D619EE16EB001AEE8F /* UINavigationItem+Margin.m */ = {isa = PBXFileReference; fileEncoding = 4; lastKnownFileType = sourcecode.c.objc; path = "UINavigationItem+Margin.m"; sourceTree = "<group>"; };
		B654A5D719EE16EB001AEE8F /* UIView+extention.h */ = {isa = PBXFileReference; fileEncoding = 4; lastKnownFileType = sourcecode.c.h; path = "UIView+extention.h"; sourceTree = "<group>"; };
		B654A5D819EE16EB001AEE8F /* UIView+extention.m */ = {isa = PBXFileReference; fileEncoding = 4; lastKnownFileType = sourcecode.c.objc; path = "UIView+extention.m"; sourceTree = "<group>"; };
		B654A5D919EE16EB001AEE8F /* UIView+frame.h */ = {isa = PBXFileReference; fileEncoding = 4; lastKnownFileType = sourcecode.c.h; path = "UIView+frame.h"; sourceTree = "<group>"; };
		B654A5DA19EE16EB001AEE8F /* UIView+frame.m */ = {isa = PBXFileReference; fileEncoding = 4; lastKnownFileType = sourcecode.c.objc; path = "UIView+frame.m"; sourceTree = "<group>"; };
		B654A5DB19EE16EB001AEE8F /* UIView+Hierarchy2.h */ = {isa = PBXFileReference; fileEncoding = 4; lastKnownFileType = sourcecode.c.h; path = "UIView+Hierarchy2.h"; sourceTree = "<group>"; };
		B654A5DC19EE16EB001AEE8F /* UIView+Hierarchy2.m */ = {isa = PBXFileReference; fileEncoding = 4; lastKnownFileType = sourcecode.c.objc; path = "UIView+Hierarchy2.m"; sourceTree = "<group>"; };
		B654A5DF19EE16EB001AEE8F /* iToast.h */ = {isa = PBXFileReference; fileEncoding = 4; lastKnownFileType = sourcecode.c.h; path = iToast.h; sourceTree = "<group>"; };
		B654A5E019EE16EB001AEE8F /* iToast.m */ = {isa = PBXFileReference; fileEncoding = 4; lastKnownFileType = sourcecode.c.objc; path = iToast.m; sourceTree = "<group>"; };
		B654A5E219EE16EB001AEE8F /* UITAssistiveTouch.h */ = {isa = PBXFileReference; fileEncoding = 4; lastKnownFileType = sourcecode.c.h; path = UITAssistiveTouch.h; sourceTree = "<group>"; };
		B654A5E319EE16EB001AEE8F /* UITAssistiveTouch.m */ = {isa = PBXFileReference; fileEncoding = 4; lastKnownFileType = sourcecode.c.objc; path = UITAssistiveTouch.m; sourceTree = "<group>"; };
		B654A5E519EE16EB001AEE8F /* UITLoadingMaskView.h */ = {isa = PBXFileReference; fileEncoding = 4; lastKnownFileType = sourcecode.c.h; path = UITLoadingMaskView.h; sourceTree = "<group>"; };
		B654A5E619EE16EB001AEE8F /* UITLoadingMaskView.m */ = {isa = PBXFileReference; fileEncoding = 4; lastKnownFileType = sourcecode.c.objc; path = UITLoadingMaskView.m; sourceTree = "<group>"; };
		B654A5E819EE16EB001AEE8F /* UITModalView.h */ = {isa = PBXFileReference; fileEncoding = 4; lastKnownFileType = sourcecode.c.h; path = UITModalView.h; sourceTree = "<group>"; };
		B654A5E919EE16EB001AEE8F /* UITModalView.m */ = {isa = PBXFileReference; fileEncoding = 4; lastKnownFileType = sourcecode.c.objc; path = UITModalView.m; sourceTree = "<group>"; };
		B654A5EA19EE16EB001AEE8F /* UITModalViewProtocol.h */ = {isa = PBXFileReference; fileEncoding = 4; lastKnownFileType = sourcecode.c.h; path = UITModalViewProtocol.h; sourceTree = "<group>"; };
		B654A5FD19EE69A7001AEE8F /* Base */ = {isa = PBXFileReference; lastKnownFileType = file.storyboard; name = Base; path = Base.lproj/Main.storyboard; sourceTree = "<group>"; };
		B654A5FF19EE69A7001AEE8F /* en */ = {isa = PBXFileReference; lastKnownFileType = text.plist.strings; name = en; path = en.lproj/InfoPlist.strings; sourceTree = "<group>"; };
		B654A60019EE69A7001AEE8F /* Images.xcassets */ = {isa = PBXFileReference; lastKnownFileType = folder.assetcatalog; path = Images.xcassets; sourceTree = "<group>"; };
		B654A60119EE69A7001AEE8F /* main.m */ = {isa = PBXFileReference; fileEncoding = 4; lastKnownFileType = sourcecode.c.objc; path = main.m; sourceTree = "<group>"; };
		B654A60419EE69A7001AEE8F /* pause.png */ = {isa = PBXFileReference; lastKnownFileType = image.png; path = pause.png; sourceTree = "<group>"; };
		B654A60519EE69A7001AEE8F /* pause@2x.png */ = {isa = PBXFileReference; lastKnownFileType = image.png; path = "pause@2x.png"; sourceTree = "<group>"; };
		B654A60619EE69A7001AEE8F /* play.png */ = {isa = PBXFileReference; lastKnownFileType = image.png; path = play.png; sourceTree = "<group>"; };
		B654A60719EE69A7001AEE8F /* play@2x.png */ = {isa = PBXFileReference; lastKnownFileType = image.png; path = "play@2x.png"; sourceTree = "<group>"; };
		B654A60819EE69A7001AEE8F /* zoomin.png */ = {isa = PBXFileReference; lastKnownFileType = image.png; path = zoomin.png; sourceTree = "<group>"; };
		B654A60919EE69A7001AEE8F /* zoomin@2x.png */ = {isa = PBXFileReference; lastKnownFileType = image.png; path = "zoomin@2x.png"; sourceTree = "<group>"; };
		B654A60A19EE69A7001AEE8F /* zoomout.png */ = {isa = PBXFileReference; lastKnownFileType = image.png; path = zoomout.png; sourceTree = "<group>"; };
		B654A60B19EE69A7001AEE8F /* zoomout@2x.png */ = {isa = PBXFileReference; lastKnownFileType = image.png; path = "zoomout@2x.png"; sourceTree = "<group>"; };
		B654A60C19EE69A7001AEE8F /* VideoPlayerObj.h */ = {isa = PBXFileReference; fileEncoding = 4; lastKnownFileType = sourcecode.c.h; path = VideoPlayerObj.h; sourceTree = "<group>"; };
		B654A60D19EE69A7001AEE8F /* VideoPlayerObj.m */ = {isa = PBXFileReference; fileEncoding = 4; lastKnownFileType = sourcecode.c.objc; path = VideoPlayerObj.m; sourceTree = "<group>"; };
		B654A60E19EE69A7001AEE8F /* VPVideoPlayerView.h */ = {isa = PBXFileReference; fileEncoding = 4; lastKnownFileType = sourcecode.c.h; path = VPVideoPlayerView.h; sourceTree = "<group>"; };
		B654A60F19EE69A7001AEE8F /* VPVideoPlayerView.m */ = {isa = PBXFileReference; fileEncoding = 4; lastKnownFileType = sourcecode.c.objc; path = VPVideoPlayerView.m; sourceTree = "<group>"; };
		B654A61119EE69A7001AEE8F /* CustomSliderView.h */ = {isa = PBXFileReference; fileEncoding = 4; lastKnownFileType = sourcecode.c.h; path = CustomSliderView.h; sourceTree = "<group>"; };
		B654A61219EE69A7001AEE8F /* CustomSliderView.m */ = {isa = PBXFileReference; fileEncoding = 4; lastKnownFileType = sourcecode.c.objc; path = CustomSliderView.m; sourceTree = "<group>"; };
		B654A61419EE69A7001AEE8F /* higlightedBarBackground@2x.png */ = {isa = PBXFileReference; lastKnownFileType = image.png; path = "higlightedBarBackground@2x.png"; sourceTree = "<group>"; };
		B654A61519EE69A7001AEE8F /* point.png */ = {isa = PBXFileReference; lastKnownFileType = image.png; path = point.png; sourceTree = "<group>"; };
		B654A61619EE69A7001AEE8F /* point1*1.png */ = {isa = PBXFileReference; lastKnownFileType = image.png; path = "point1*1.png"; sourceTree = "<group>"; };
		B654A61719EE69A7001AEE8F /* point@2x.png */ = {isa = PBXFileReference; lastKnownFileType = image.png; path = "point@2x.png"; sourceTree = "<group>"; };
		B654A61819EE69A7001AEE8F /* test.mp4 */ = {isa = PBXFileReference; lastKnownFileType = file; path = test.mp4; sourceTree = "<group>"; };
		B654A61919EE69A7001AEE8F /* trackBackground@2x.png */ = {isa = PBXFileReference; lastKnownFileType = image.png; path = "trackBackground@2x.png"; sourceTree = "<group>"; };
		B654A61B19EE69A7001AEE8F /* CCGetP2PData.h */ = {isa = PBXFileReference; fileEncoding = 4; lastKnownFileType = sourcecode.c.h; path = CCGetP2PData.h; sourceTree = "<group>"; };
		B654A61C19EE69A7001AEE8F /* CCGetP2PData.m */ = {isa = PBXFileReference; fileEncoding = 4; lastKnownFileType = sourcecode.c.objc; path = CCGetP2PData.m; sourceTree = "<group>"; };
		B654A61D19EE69A7001AEE8F /* CCGetP2PUrl.h */ = {isa = PBXFileReference; fileEncoding = 4; lastKnownFileType = sourcecode.c.h; path = CCGetP2PUrl.h; sourceTree = "<group>"; };
		B654A61E19EE69A7001AEE8F /* CCGetP2PUrl.m */ = {isa = PBXFileReference; fileEncoding = 4; lastKnownFileType = sourcecode.c.objc; path = CCGetP2PUrl.m; sourceTree = "<group>"; };
		B654A61F19EE69A7001AEE8F /* VidoPlayer-Info.plist */ = {isa = PBXFileReference; fileEncoding = 4; lastKnownFileType = text.plist.xml; path = "VidoPlayer-Info.plist"; sourceTree = "<group>"; };
		B654A62019EE69A7001AEE8F /* VidoPlayer-Prefix.pch */ = {isa = PBXFileReference; fileEncoding = 4; lastKnownFileType = sourcecode.c.h; path = "VidoPlayer-Prefix.pch"; sourceTree = "<group>"; };
		B654A62119EE69A7001AEE8F /* VPAdView.h */ = {isa = PBXFileReference; fileEncoding = 4; lastKnownFileType = sourcecode.c.h; path = VPAdView.h; sourceTree = "<group>"; };
		B654A62219EE69A7001AEE8F /* VPAdView.m */ = {isa = PBXFileReference; fileEncoding = 4; lastKnownFileType = sourcecode.c.objc; path = VPAdView.m; sourceTree = "<group>"; };
		B654A62319EE69A7001AEE8F /* VPAppDelegate.h */ = {isa = PBXFileReference; fileEncoding = 4; lastKnownFileType = sourcecode.c.h; path = VPAppDelegate.h; sourceTree = "<group>"; };
		B654A62419EE69A7001AEE8F /* VPAppDelegate.m */ = {isa = PBXFileReference; fileEncoding = 4; lastKnownFileType = sourcecode.c.objc; path = VPAppDelegate.m; sourceTree = "<group>"; };
		B654A62519EE69A7001AEE8F /* VPVideoPlayerViewController.h */ = {isa = PBXFileReference; fileEncoding = 4; lastKnownFileType = sourcecode.c.h; path = VPVideoPlayerViewController.h; sourceTree = "<group>"; };
		B654A62619EE69A7001AEE8F /* VPVideoPlayerViewController.m */ = {isa = PBXFileReference; fileEncoding = 4; lastKnownFileType = sourcecode.c.objc; path = VPVideoPlayerViewController.m; sourceTree = "<group>"; };
		B654A62719EE69A7001AEE8F /* VPViewController.h */ = {isa = PBXFileReference; fileEncoding = 4; lastKnownFileType = sourcecode.c.h; path = VPViewController.h; sourceTree = "<group>"; };
		B654A62819EE69A7001AEE8F /* VPViewController.m */ = {isa = PBXFileReference; fileEncoding = 4; lastKnownFileType = sourcecode.c.objc; path = VPViewController.m; sourceTree = "<group>"; };
		B654A62919EE69A7001AEE8F /* VidoPlayer.xcodeproj */ = {isa = PBXFileReference; lastKnownFileType = "wrapper.pb-project"; path = VidoPlayer.xcodeproj; sourceTree = "<group>"; };
		B654A62E19EE69A7001AEE8F /* en */ = {isa = PBXFileReference; lastKnownFileType = text.plist.strings; name = en; path = en.lproj/InfoPlist.strings; sourceTree = "<group>"; };
		B654A62F19EE69A7001AEE8F /* VidoPlayerTests-Info.plist */ = {isa = PBXFileReference; fileEncoding = 4; lastKnownFileType = text.plist.xml; path = "VidoPlayerTests-Info.plist"; sourceTree = "<group>"; };
		B654A63019EE69A7001AEE8F /* VidoPlayerTests.m */ = {isa = PBXFileReference; fileEncoding = 4; lastKnownFileType = sourcecode.c.objc; path = VidoPlayerTests.m; sourceTree = "<group>"; };
		B6F45988198B9CDF00F1331A /* AFHTTPClient.h */ = {isa = PBXFileReference; fileEncoding = 4; lastKnownFileType = sourcecode.c.h; path = AFHTTPClient.h; sourceTree = "<group>"; };
		B6F45989198B9CDF00F1331A /* AFHTTPClient.m */ = {isa = PBXFileReference; fileEncoding = 4; lastKnownFileType = sourcecode.c.objc; path = AFHTTPClient.m; sourceTree = "<group>"; };
		B6F4598A198B9CDF00F1331A /* AFHTTPRequestOperation.h */ = {isa = PBXFileReference; fileEncoding = 4; lastKnownFileType = sourcecode.c.h; path = AFHTTPRequestOperation.h; sourceTree = "<group>"; };
		B6F4598B198B9CDF00F1331A /* AFHTTPRequestOperation.m */ = {isa = PBXFileReference; fileEncoding = 4; lastKnownFileType = sourcecode.c.objc; path = AFHTTPRequestOperation.m; sourceTree = "<group>"; };
		B6F4598C198B9CDF00F1331A /* AFImageRequestOperation.h */ = {isa = PBXFileReference; fileEncoding = 4; lastKnownFileType = sourcecode.c.h; path = AFImageRequestOperation.h; sourceTree = "<group>"; };
		B6F4598D198B9CDF00F1331A /* AFImageRequestOperation.m */ = {isa = PBXFileReference; fileEncoding = 4; lastKnownFileType = sourcecode.c.objc; path = AFImageRequestOperation.m; sourceTree = "<group>"; };
		B6F4598E198B9CDF00F1331A /* AFJSONRequestOperation.h */ = {isa = PBXFileReference; fileEncoding = 4; lastKnownFileType = sourcecode.c.h; path = AFJSONRequestOperation.h; sourceTree = "<group>"; };
		B6F4598F198B9CDF00F1331A /* AFJSONRequestOperation.m */ = {isa = PBXFileReference; fileEncoding = 4; lastKnownFileType = sourcecode.c.objc; path = AFJSONRequestOperation.m; sourceTree = "<group>"; };
		B6F45990198B9CDF00F1331A /* AFNetworkActivityIndicatorManager.h */ = {isa = PBXFileReference; fileEncoding = 4; lastKnownFileType = sourcecode.c.h; path = AFNetworkActivityIndicatorManager.h; sourceTree = "<group>"; };
		B6F45991198B9CDF00F1331A /* AFNetworkActivityIndicatorManager.m */ = {isa = PBXFileReference; fileEncoding = 4; lastKnownFileType = sourcecode.c.objc; path = AFNetworkActivityIndicatorManager.m; sourceTree = "<group>"; };
		B6F45992198B9CDF00F1331A /* AFNetworking.h */ = {isa = PBXFileReference; fileEncoding = 4; lastKnownFileType = sourcecode.c.h; path = AFNetworking.h; sourceTree = "<group>"; };
		B6F45993198B9CDF00F1331A /* AFPropertyListRequestOperation.h */ = {isa = PBXFileReference; fileEncoding = 4; lastKnownFileType = sourcecode.c.h; path = AFPropertyListRequestOperation.h; sourceTree = "<group>"; };
		B6F45994198B9CDF00F1331A /* AFPropertyListRequestOperation.m */ = {isa = PBXFileReference; fileEncoding = 4; lastKnownFileType = sourcecode.c.objc; path = AFPropertyListRequestOperation.m; sourceTree = "<group>"; };
		B6F45995198B9CDF00F1331A /* AFURLConnectionOperation.h */ = {isa = PBXFileReference; fileEncoding = 4; lastKnownFileType = sourcecode.c.h; path = AFURLConnectionOperation.h; sourceTree = "<group>"; };
		B6F45996198B9CDF00F1331A /* AFURLConnectionOperation.m */ = {isa = PBXFileReference; fileEncoding = 4; lastKnownFileType = sourcecode.c.objc; path = AFURLConnectionOperation.m; sourceTree = "<group>"; };
		B6F45997198B9CDF00F1331A /* AFXMLRequestOperation.h */ = {isa = PBXFileReference; fileEncoding = 4; lastKnownFileType = sourcecode.c.h; path = AFXMLRequestOperation.h; sourceTree = "<group>"; };
		B6F45998198B9CDF00F1331A /* AFXMLRequestOperation.m */ = {isa = PBXFileReference; fileEncoding = 4; lastKnownFileType = sourcecode.c.objc; path = AFXMLRequestOperation.m; sourceTree = "<group>"; };
		B6F45999198B9CDF00F1331A /* UIImageView+AFNetworking.h */ = {isa = PBXFileReference; fileEncoding = 4; lastKnownFileType = sourcecode.c.h; path = "UIImageView+AFNetworking.h"; sourceTree = "<group>"; };
		B6F4599A198B9CDF00F1331A /* UIImageView+AFNetworking.m */ = {isa = PBXFileReference; fileEncoding = 4; lastKnownFileType = sourcecode.c.objc; path = "UIImageView+AFNetworking.m"; sourceTree = "<group>"; };
/* End PBXFileReference section */

/* Begin PBXFrameworksBuildPhase section */
		B62848011988FD2A0030B89B /* Frameworks */ = {
			isa = PBXFrameworksBuildPhase;
			buildActionMask = 2147483647;
			files = (
				B628480A1988FD2A0030B89B /* CoreGraphics.framework in Frameworks */,
				B628480C1988FD2A0030B89B /* UIKit.framework in Frameworks */,
				B62848081988FD2A0030B89B /* Foundation.framework in Frameworks */,
			);
			runOnlyForDeploymentPostprocessing = 0;
		};
		B62848221988FD2A0030B89B /* Frameworks */ = {
			isa = PBXFrameworksBuildPhase;
			buildActionMask = 2147483647;
			files = (
				B62848271988FD2A0030B89B /* XCTest.framework in Frameworks */,
				B62848291988FD2A0030B89B /* UIKit.framework in Frameworks */,
				B62848281988FD2A0030B89B /* Foundation.framework in Frameworks */,
			);
			runOnlyForDeploymentPostprocessing = 0;
		};
/* End PBXFrameworksBuildPhase section */

/* Begin PBXGroup section */
		B62847FB1988FD2A0030B89B = {
			isa = PBXGroup;
			children = (
				B654A5FA19EE69A7001AEE8F /* VidoPlayer */,
				B628480D1988FD2A0030B89B /* DownloadDemo */,
				B628482C1988FD2A0030B89B /* DownloadDemoTests */,
				B62848061988FD2A0030B89B /* Frameworks */,
				B62848051988FD2A0030B89B /* Products */,
			);
			sourceTree = "<group>";
		};
		B62848051988FD2A0030B89B /* Products */ = {
			isa = PBXGroup;
			children = (
				B62848041988FD2A0030B89B /* DownloadDemo.app */,
				B62848251988FD2A0030B89B /* DownloadDemoTests.xctest */,
			);
			name = Products;
			sourceTree = "<group>";
		};
		B62848061988FD2A0030B89B /* Frameworks */ = {
			isa = PBXGroup;
			children = (
				B62848071988FD2A0030B89B /* Foundation.framework */,
				B62848091988FD2A0030B89B /* CoreGraphics.framework */,
				B628480B1988FD2A0030B89B /* UIKit.framework */,
				B62848261988FD2A0030B89B /* XCTest.framework */,
			);
			name = Frameworks;
			sourceTree = "<group>";
		};
		B628480D1988FD2A0030B89B /* DownloadDemo */ = {
			isa = PBXGroup;
			children = (
				B654A59719EE0B04001AEE8F /* Download */,
				B654A5A219EE0B04001AEE8F /* InstallProxy */,
				B6F45986198B9C5900F1331A /* ExternClass */,
				B628484B198902350030B89B /* Unility */,
				B62848421988FF9C0030B89B /* Model */,
				B628483E1988FF050030B89B /* TKDwnloadQueueItem */,
				B62848161988FD2A0030B89B /* AppDelegate.h */,
				B62848171988FD2A0030B89B /* AppDelegate.m */,
				B62848191988FD2A0030B89B /* Main.storyboard */,
				B628481C1988FD2A0030B89B /* ViewController.h */,
				B628481D1988FD2A0030B89B /* ViewController.m */,
				B628481F1988FD2A0030B89B /* Images.xcassets */,
				B628480E1988FD2A0030B89B /* Supporting Files */,
			);
			path = DownloadDemo;
			sourceTree = "<group>";
		};
		B628480E1988FD2A0030B89B /* Supporting Files */ = {
			isa = PBXGroup;
			children = (
				B628480F1988FD2A0030B89B /* DownloadDemo-Info.plist */,
				B62848101988FD2A0030B89B /* InfoPlist.strings */,
				B62848131988FD2A0030B89B /* main.m */,
				B62848151988FD2A0030B89B /* DownloadDemo-Prefix.pch */,
			);
			name = "Supporting Files";
			sourceTree = "<group>";
		};
		B628482C1988FD2A0030B89B /* DownloadDemoTests */ = {
			isa = PBXGroup;
			children = (
				B62848321988FD2A0030B89B /* DownloadDemoTests.m */,
				B628482D1988FD2A0030B89B /* Supporting Files */,
			);
			path = DownloadDemoTests;
			sourceTree = "<group>";
		};
		B628482D1988FD2A0030B89B /* Supporting Files */ = {
			isa = PBXGroup;
			children = (
				B628482E1988FD2A0030B89B /* DownloadDemoTests-Info.plist */,
				B628482F1988FD2A0030B89B /* InfoPlist.strings */,
			);
			name = "Supporting Files";
			sourceTree = "<group>";
		};
		B628483E1988FF050030B89B /* TKDwnloadQueueItem */ = {
			isa = PBXGroup;
			children = (
			);
			path = TKDwnloadQueueItem;
			sourceTree = "<group>";
		};
		B62848421988FF9C0030B89B /* Model */ = {
			isa = PBXGroup;
			children = (
				B654A5B019EE1588001AEE8F /* LocalAppInfo.h */,
				B654A5B119EE1588001AEE8F /* LocalAppInfo.m */,
				B62848431988FFC60030B89B /* AppInfo.h */,
				B62848441988FFC60030B89B /* AppInfo.m */,
				B6284850198906720030B89B /* LocalDownloadedAppInfo.h */,
				B6284851198906720030B89B /* LocalDownloadedAppInfo.m */,
			);
			path = Model;
			sourceTree = "<group>";
		};
		B628484B198902350030B89B /* Unility */ = {
			isa = PBXGroup;
			children = (
				B628484F198902ED0030B89B /* DYMicro.h */,
			);
			path = Unility;
			sourceTree = "<group>";
		};
		B654A59719EE0B04001AEE8F /* Download */ = {
			isa = PBXGroup;
			children = (
				B654A59819EE0B04001AEE8F /* TDownloadItem.h */,
				B654A59919EE0B04001AEE8F /* TDownloadItem.m */,
				B654A59A19EE0B04001AEE8F /* TDownloadQueue.h */,
				B654A59B19EE0B04001AEE8F /* TDownloadQueue.m */,
				B654A59C19EE0B04001AEE8F /* TDownloadQueueDelegate.h */,
				B654A59D19EE0B04001AEE8F /* TDownloadQueueItem.h */,
				B654A59E19EE0B04001AEE8F /* TDownloadQueueItem.m */,
				B654A59F19EE0B04001AEE8F /* TDownloadQueueItemDelegate.h */,
				B654A5A019EE0B04001AEE8F /* TLocalAppManager.h */,
				B654A5A119EE0B04001AEE8F /* TLocalAppManager.m */,
			);
			path = Download;
			sourceTree = "<group>";
		};
		B654A5A219EE0B04001AEE8F /* InstallProxy */ = {
			isa = PBXGroup;
			children = (
				B654A5A319EE0B04001AEE8F /* InstallOperation.h */,
				B654A5A419EE0B04001AEE8F /* InstallOperation.m */,
				B654A5A519EE0B04001AEE8F /* TApplicationManager.h */,
				B654A5A619EE0B04001AEE8F /* TApplicationManager.m */,
				B654A5A719EE0B04001AEE8F /* UninstallOperation.h */,
				B654A5A819EE0B04001AEE8F /* UninstallOperation.m */,
			);
			path = InstallProxy;
			sourceTree = "<group>";
		};
		B654A5B319EE15D8001AEE8F /* FMDB */ = {
			isa = PBXGroup;
			children = (
				B654A5B419EE15D8001AEE8F /* FMDatabase.h */,
				B654A5B519EE15D8001AEE8F /* FMDatabase.m */,
				B654A5B619EE15D8001AEE8F /* FMDatabaseAdditions.h */,
				B654A5B719EE15D8001AEE8F /* FMDatabaseAdditions.m */,
				B654A5B819EE15D8001AEE8F /* FMResultSet.h */,
				B654A5B919EE15D8001AEE8F /* FMResultSet.m */,
			);
			path = FMDB;
			sourceTree = "<group>";
		};
		B654A5BD19EE16EB001AEE8F /* TKit */ = {
			isa = PBXGroup;
			children = (
				B654A5BE19EE16EB001AEE8F /* CodeHelper */,
				B654A5CA19EE16EB001AEE8F /* Extend */,
				B654A5CB19EE16EB001AEE8F /* mergeArmSymbols.sh */,
				B654A5CC19EE16EB001AEE8F /* PrivateApi */,
				B654A5CE19EE16EB001AEE8F /* TKit-Prefix.pch */,
				B654A5CF19EE16EB001AEE8F /* UI+Category */,
				B654A5DD19EE16EB001AEE8F /* UIControls */,
			);
			path = TKit;
			sourceTree = "<group>";
		};
		B654A5BE19EE16EB001AEE8F /* CodeHelper */ = {
			isa = PBXGroup;
			children = (
				B654A5BF19EE16EB001AEE8F /* AppImages.h */,
				B654A5C019EE16EB001AEE8F /* AppStrings.h */,
				B654A5C119EE16EB001AEE8F /* MSHelper.h */,
				B654A5C219EE16EB001AEE8F /* MSHelper.mm */,
				B654A5C319EE16EB001AEE8F /* MSHelper.symbols */,
				B654A5C419EE16EB001AEE8F /* Reachability.h */,
				B654A5C519EE16EB001AEE8F /* Reachability.m */,
				B654A5C619EE16EB001AEE8F /* TKCodeHelper.h */,
				B654A5C719EE16EB001AEE8F /* TKCodeHelper.mm */,
				B654A5C819EE16EB001AEE8F /* TKDebug.h */,
				B654A5C919EE16EB001AEE8F /* TKMicro.h */,
			);
			path = CodeHelper;
			sourceTree = "<group>";
		};
		B654A5CA19EE16EB001AEE8F /* Extend */ = {
			isa = PBXGroup;
			children = (
			);
			path = Extend;
			sourceTree = "<group>";
		};
		B654A5CC19EE16EB001AEE8F /* PrivateApi */ = {
			isa = PBXGroup;
			children = (
				B654A5CD19EE16EB001AEE8F /* UIApplication+Launch.h */,
			);
			path = PrivateApi;
			sourceTree = "<group>";
		};
		B654A5CF19EE16EB001AEE8F /* UI+Category */ = {
			isa = PBXGroup;
			children = (
				B654A5D019EE16EB001AEE8F /* UIColor+tk.h */,
				B654A5D119EE16EB001AEE8F /* UIColor+tk.m */,
				B654A5D219EE16EB001AEE8F /* UIImage+Color.h */,
				B654A5D319EE16EB001AEE8F /* UIImage+Color.m */,
				B654A5D419EE16EB001AEE8F /* UINavigationBar */,
				B654A5D719EE16EB001AEE8F /* UIView+extention.h */,
				B654A5D819EE16EB001AEE8F /* UIView+extention.m */,
				B654A5D919EE16EB001AEE8F /* UIView+frame.h */,
				B654A5DA19EE16EB001AEE8F /* UIView+frame.m */,
				B654A5DB19EE16EB001AEE8F /* UIView+Hierarchy2.h */,
				B654A5DC19EE16EB001AEE8F /* UIView+Hierarchy2.m */,
			);
			path = "UI+Category";
			sourceTree = "<group>";
		};
		B654A5D419EE16EB001AEE8F /* UINavigationBar */ = {
			isa = PBXGroup;
			children = (
				B654A5D519EE16EB001AEE8F /* UINavigationItem+Margin.h */,
				B654A5D619EE16EB001AEE8F /* UINavigationItem+Margin.m */,
			);
			path = UINavigationBar;
			sourceTree = "<group>";
		};
		B654A5DD19EE16EB001AEE8F /* UIControls */ = {
			isa = PBXGroup;
			children = (
				B654A5DE19EE16EB001AEE8F /* iToast */,
				B654A5E119EE16EB001AEE8F /* UITAssistiveTouch */,
				B654A5E419EE16EB001AEE8F /* UITLoadingMaskView */,
				B654A5E719EE16EB001AEE8F /* UITModalView */,
			);
			path = UIControls;
			sourceTree = "<group>";
		};
		B654A5DE19EE16EB001AEE8F /* iToast */ = {
			isa = PBXGroup;
			children = (
				B654A5DF19EE16EB001AEE8F /* iToast.h */,
				B654A5E019EE16EB001AEE8F /* iToast.m */,
			);
			path = iToast;
			sourceTree = "<group>";
		};
		B654A5E119EE16EB001AEE8F /* UITAssistiveTouch */ = {
			isa = PBXGroup;
			children = (
				B654A5E219EE16EB001AEE8F /* UITAssistiveTouch.h */,
				B654A5E319EE16EB001AEE8F /* UITAssistiveTouch.m */,
			);
			path = UITAssistiveTouch;
			sourceTree = "<group>";
		};
		B654A5E419EE16EB001AEE8F /* UITLoadingMaskView */ = {
			isa = PBXGroup;
			children = (
				B654A5E519EE16EB001AEE8F /* UITLoadingMaskView.h */,
				B654A5E619EE16EB001AEE8F /* UITLoadingMaskView.m */,
			);
			path = UITLoadingMaskView;
			sourceTree = "<group>";
		};
		B654A5E719EE16EB001AEE8F /* UITModalView */ = {
			isa = PBXGroup;
			children = (
				B654A5E819EE16EB001AEE8F /* UITModalView.h */,
				B654A5E919EE16EB001AEE8F /* UITModalView.m */,
				B654A5EA19EE16EB001AEE8F /* UITModalViewProtocol.h */,
			);
			path = UITModalView;
			sourceTree = "<group>";
		};
		B654A5FA19EE69A7001AEE8F /* VidoPlayer */ = {
			isa = PBXGroup;
			children = (
				B654A5FB19EE69A7001AEE8F /* VidoPlayer */,
				B654A62919EE69A7001AEE8F /* VidoPlayer.xcodeproj */,
				B654A62C19EE69A7001AEE8F /* VidoPlayerTests */,
			);
			path = VidoPlayer;
			sourceTree = "<group>";
		};
		B654A5FB19EE69A7001AEE8F /* VidoPlayer */ = {
			isa = PBXGroup;
			children = (
				B654A5FC19EE69A7001AEE8F /* Main.storyboard */,
				B654A5FE19EE69A7001AEE8F /* InfoPlist.strings */,
				B654A60019EE69A7001AEE8F /* Images.xcassets */,
				B654A60119EE69A7001AEE8F /* main.m */,
				B654A60219EE69A7001AEE8F /* PlayerCode */,
				B654A61019EE69A7001AEE8F /* Slider */,
				B654A61A19EE69A7001AEE8F /* TestLineData */,
				B654A61F19EE69A7001AEE8F /* VidoPlayer-Info.plist */,
				B654A62019EE69A7001AEE8F /* VidoPlayer-Prefix.pch */,
				B654A62119EE69A7001AEE8F /* VPAdView.h */,
				B654A62219EE69A7001AEE8F /* VPAdView.m */,
				B654A62319EE69A7001AEE8F /* VPAppDelegate.h */,
				B654A62419EE69A7001AEE8F /* VPAppDelegate.m */,
				B654A62519EE69A7001AEE8F /* VPVideoPlayerViewController.h */,
				B654A62619EE69A7001AEE8F /* VPVideoPlayerViewController.m */,
				B654A62719EE69A7001AEE8F /* VPViewController.h */,
				B654A62819EE69A7001AEE8F /* VPViewController.m */,
			);
			path = VidoPlayer;
			sourceTree = "<group>";
		};
		B654A60219EE69A7001AEE8F /* PlayerCode */ = {
			isa = PBXGroup;
			children = (
				B654A60319EE69A7001AEE8F /* plsyerRes */,
				B654A60C19EE69A7001AEE8F /* VideoPlayerObj.h */,
				B654A60D19EE69A7001AEE8F /* VideoPlayerObj.m */,
				B654A60E19EE69A7001AEE8F /* VPVideoPlayerView.h */,
				B654A60F19EE69A7001AEE8F /* VPVideoPlayerView.m */,
			);
			path = PlayerCode;
			sourceTree = "<group>";
		};
		B654A60319EE69A7001AEE8F /* plsyerRes */ = {
			isa = PBXGroup;
			children = (
				B654A60419EE69A7001AEE8F /* pause.png */,
				B654A60519EE69A7001AEE8F /* pause@2x.png */,
				B654A60619EE69A7001AEE8F /* play.png */,
				B654A60719EE69A7001AEE8F /* play@2x.png */,
				B654A60819EE69A7001AEE8F /* zoomin.png */,
				B654A60919EE69A7001AEE8F /* zoomin@2x.png */,
				B654A60A19EE69A7001AEE8F /* zoomout.png */,
				B654A60B19EE69A7001AEE8F /* zoomout@2x.png */,
			);
			path = plsyerRes;
			sourceTree = "<group>";
		};
		B654A61019EE69A7001AEE8F /* Slider */ = {
			isa = PBXGroup;
			children = (
				B654A61119EE69A7001AEE8F /* CustomSliderView.h */,
				B654A61219EE69A7001AEE8F /* CustomSliderView.m */,
				B654A61319EE69A7001AEE8F /* Resources */,
			);
			path = Slider;
			sourceTree = "<group>";
		};
		B654A61319EE69A7001AEE8F /* Resources */ = {
			isa = PBXGroup;
			children = (
				B654A61419EE69A7001AEE8F /* higlightedBarBackground@2x.png */,
				B654A61519EE69A7001AEE8F /* point.png */,
				B654A61619EE69A7001AEE8F /* point1*1.png */,
				B654A61719EE69A7001AEE8F /* point@2x.png */,
				B654A61819EE69A7001AEE8F /* test.mp4 */,
				B654A61919EE69A7001AEE8F /* trackBackground@2x.png */,
			);
			path = Resources;
			sourceTree = "<group>";
		};
		B654A61A19EE69A7001AEE8F /* TestLineData */ = {
			isa = PBXGroup;
			children = (
				B654A61B19EE69A7001AEE8F /* CCGetP2PData.h */,
				B654A61C19EE69A7001AEE8F /* CCGetP2PData.m */,
				B654A61D19EE69A7001AEE8F /* CCGetP2PUrl.h */,
				B654A61E19EE69A7001AEE8F /* CCGetP2PUrl.m */,
			);
			path = TestLineData;
			sourceTree = "<group>";
		};
		B654A62A19EE69A7001AEE8F /* Products */ = {
			isa = PBXGroup;
			children = (
				B654A65319EE69A7001AEE8F /* VidoPlayer.app */,
				B654A65519EE69A7001AEE8F /* VidoPlayerTests.xctest */,
			);
			name = Products;
			sourceTree = "<group>";
		};
		B654A62C19EE69A7001AEE8F /* VidoPlayerTests */ = {
			isa = PBXGroup;
			children = (
				B654A62D19EE69A7001AEE8F /* InfoPlist.strings */,
				B654A62F19EE69A7001AEE8F /* VidoPlayerTests-Info.plist */,
				B654A63019EE69A7001AEE8F /* VidoPlayerTests.m */,
			);
			path = VidoPlayerTests;
			sourceTree = "<group>";
		};
		B6F45986198B9C5900F1331A /* ExternClass */ = {
			isa = PBXGroup;
			children = (
				B654A5BD19EE16EB001AEE8F /* TKit */,
				B654A5B319EE15D8001AEE8F /* FMDB */,
				B6F45987198B9C7200F1331A /* AFNetWorking */,
			);
			path = ExternClass;
			sourceTree = "<group>";
		};
		B6F45987198B9C7200F1331A /* AFNetWorking */ = {
			isa = PBXGroup;
			children = (
				B6F45988198B9CDF00F1331A /* AFHTTPClient.h */,
				B6F45989198B9CDF00F1331A /* AFHTTPClient.m */,
				B6F4598A198B9CDF00F1331A /* AFHTTPRequestOperation.h */,
				B6F4598B198B9CDF00F1331A /* AFHTTPRequestOperation.m */,
				B6F4598C198B9CDF00F1331A /* AFImageRequestOperation.h */,
				B6F4598D198B9CDF00F1331A /* AFImageRequestOperation.m */,
				B6F4598E198B9CDF00F1331A /* AFJSONRequestOperation.h */,
				B6F4598F198B9CDF00F1331A /* AFJSONRequestOperation.m */,
				B6F45990198B9CDF00F1331A /* AFNetworkActivityIndicatorManager.h */,
				B6F45991198B9CDF00F1331A /* AFNetworkActivityIndicatorManager.m */,
				B6F45992198B9CDF00F1331A /* AFNetworking.h */,
				B6F45993198B9CDF00F1331A /* AFPropertyListRequestOperation.h */,
				B6F45994198B9CDF00F1331A /* AFPropertyListRequestOperation.m */,
				B6F45995198B9CDF00F1331A /* AFURLConnectionOperation.h */,
				B6F45996198B9CDF00F1331A /* AFURLConnectionOperation.m */,
				B6F45997198B9CDF00F1331A /* AFXMLRequestOperation.h */,
				B6F45998198B9CDF00F1331A /* AFXMLRequestOperation.m */,
				B6F45999198B9CDF00F1331A /* UIImageView+AFNetworking.h */,
				B6F4599A198B9CDF00F1331A /* UIImageView+AFNetworking.m */,
			);
			path = AFNetWorking;
			sourceTree = "<group>";
		};
/* End PBXGroup section */

/* Begin PBXNativeTarget section */
		B62848031988FD2A0030B89B /* DownloadDemo */ = {
			isa = PBXNativeTarget;
			buildConfigurationList = B62848361988FD2A0030B89B /* Build configuration list for PBXNativeTarget "DownloadDemo" */;
			buildPhases = (
				B62848001988FD2A0030B89B /* Sources */,
				B62848011988FD2A0030B89B /* Frameworks */,
				B62848021988FD2A0030B89B /* Resources */,
			);
			buildRules = (
			);
			dependencies = (
			);
			name = DownloadDemo;
			productName = DownloadDemo;
			productReference = B62848041988FD2A0030B89B /* DownloadDemo.app */;
			productType = "com.apple.product-type.application";
		};
		B62848241988FD2A0030B89B /* DownloadDemoTests */ = {
			isa = PBXNativeTarget;
			buildConfigurationList = B62848391988FD2A0030B89B /* Build configuration list for PBXNativeTarget "DownloadDemoTests" */;
			buildPhases = (
				B62848211988FD2A0030B89B /* Sources */,
				B62848221988FD2A0030B89B /* Frameworks */,
				B62848231988FD2A0030B89B /* Resources */,
			);
			buildRules = (
			);
			dependencies = (
				B628482B1988FD2A0030B89B /* PBXTargetDependency */,
			);
			name = DownloadDemoTests;
			productName = DownloadDemoTests;
			productReference = B62848251988FD2A0030B89B /* DownloadDemoTests.xctest */;
			productType = "com.apple.product-type.bundle.unit-test";
		};
/* End PBXNativeTarget section */

/* Begin PBXProject section */
		B62847FC1988FD2A0030B89B /* Project object */ = {
			isa = PBXProject;
			attributes = {
				LastUpgradeCheck = 0510;
				ORGANIZATIONNAME = Apple0611;
				TargetAttributes = {
					B62848241988FD2A0030B89B = {
						TestTargetID = B62848031988FD2A0030B89B;
					};
				};
			};
			buildConfigurationList = B62847FF1988FD2A0030B89B /* Build configuration list for PBXProject "DownloadDemo" */;
			compatibilityVersion = "Xcode 3.2";
			developmentRegion = English;
			hasScannedForEncodings = 0;
			knownRegions = (
				en,
				Base,
			);
			mainGroup = B62847FB1988FD2A0030B89B;
			productRefGroup = B62848051988FD2A0030B89B /* Products */;
			projectDirPath = "";
			projectReferences = (
				{
					ProductGroup = B654A62A19EE69A7001AEE8F /* Products */;
					ProjectRef = B654A62919EE69A7001AEE8F /* VidoPlayer.xcodeproj */;
				},
			);
			projectRoot = "";
			targets = (
				B62848031988FD2A0030B89B /* DownloadDemo */,
				B62848241988FD2A0030B89B /* DownloadDemoTests */,
			);
		};
/* End PBXProject section */

/* Begin PBXReferenceProxy section */
		B654A65319EE69A7001AEE8F /* VidoPlayer.app */ = {
			isa = PBXReferenceProxy;
			fileType = wrapper.application;
			path = VidoPlayer.app;
			remoteRef = B654A65219EE69A7001AEE8F /* PBXContainerItemProxy */;
			sourceTree = BUILT_PRODUCTS_DIR;
		};
		B654A65519EE69A7001AEE8F /* VidoPlayerTests.xctest */ = {
			isa = PBXReferenceProxy;
			fileType = wrapper.cfbundle;
			path = VidoPlayerTests.xctest;
			remoteRef = B654A65419EE69A7001AEE8F /* PBXContainerItemProxy */;
			sourceTree = BUILT_PRODUCTS_DIR;
		};
/* End PBXReferenceProxy section */

/* Begin PBXResourcesBuildPhase section */
		B62848021988FD2A0030B89B /* Resources */ = {
			isa = PBXResourcesBuildPhase;
			buildActionMask = 2147483647;
			files = (
				B654A63919EE69A7001AEE8F /* zoomin.png in Resources */,
				B654A64D19EE69A7001AEE8F /* InfoPlist.strings in Resources */,
				B62848201988FD2A0030B89B /* Images.xcassets in Resources */,
				B654A63319EE69A7001AEE8F /* Images.xcassets in Resources */,
				B654A64319EE69A7001AEE8F /* point@2x.png in Resources */,
				B654A63819EE69A7001AEE8F /* play@2x.png in Resources */,
				B654A63219EE69A7001AEE8F /* InfoPlist.strings in Resources */,
				B62848121988FD2A0030B89B /* InfoPlist.strings in Resources */,
				B654A5EF19EE16EB001AEE8F /* mergeArmSymbols.sh in Resources */,
				B654A63519EE69A7001AEE8F /* pause.png in Resources */,
				B654A63C19EE69A7001AEE8F /* zoomout@2x.png in Resources */,
				B654A64419EE69A7001AEE8F /* test.mp4 in Resources */,
				B654A63A19EE69A7001AEE8F /* zoomin@2x.png in Resources */,
				B654A64519EE69A7001AEE8F /* trackBackground@2x.png in Resources */,
				B654A63B19EE69A7001AEE8F /* zoomout.png in Resources */,
				B654A64819EE69A7001AEE8F /* VidoPlayer-Info.plist in Resources */,
				B654A63119EE69A7001AEE8F /* Main.storyboard in Resources */,
				B654A63719EE69A7001AEE8F /* play.png in Resources */,
				B654A63619EE69A7001AEE8F /* pause@2x.png in Resources */,
				B654A64E19EE69A7001AEE8F /* VidoPlayerTests-Info.plist in Resources */,
				B654A64219EE69A7001AEE8F /* point1*1.png in Resources */,
				B654A64119EE69A7001AEE8F /* point.png in Resources */,
				B654A64019EE69A7001AEE8F /* higlightedBarBackground@2x.png in Resources */,
				B628481B1988FD2A0030B89B /* Main.storyboard in Resources */,
				B654A5EC19EE16EB001AEE8F /* MSHelper.symbols in Resources */,
			);
			runOnlyForDeploymentPostprocessing = 0;
		};
		B62848231988FD2A0030B89B /* Resources */ = {
			isa = PBXResourcesBuildPhase;
			buildActionMask = 2147483647;
			files = (
				B62848311988FD2A0030B89B /* InfoPlist.strings in Resources */,
			);
			runOnlyForDeploymentPostprocessing = 0;
		};
/* End PBXResourcesBuildPhase section */

/* Begin PBXSourcesBuildPhase section */
		B62848001988FD2A0030B89B /* Sources */ = {
			isa = PBXSourcesBuildPhase;
			buildActionMask = 2147483647;
			files = (
				B6F459A1198B9CDF00F1331A /* AFURLConnectionOperation.m in Sources */,
				B6F459A3198B9CDF00F1331A /* UIImageView+AFNetworking.m in Sources */,
				B654A5AC19EE0B04001AEE8F /* TLocalAppManager.m in Sources */,
				B654A5F519EE16EB001AEE8F /* UIView+Hierarchy2.m in Sources */,
				B654A5F219EE16EB001AEE8F /* UINavigationItem+Margin.m in Sources */,
				B6284852198906720030B89B /* LocalDownloadedAppInfo.m in Sources */,
				B654A64619EE69A7001AEE8F /* CCGetP2PData.m in Sources */,
				B62848451988FFC60030B89B /* AppInfo.m in Sources */,
				B6F459A0198B9CDF00F1331A /* AFPropertyListRequestOperation.m in Sources */,
				B654A5AB19EE0B04001AEE8F /* TDownloadQueueItem.m in Sources */,
				B628481E1988FD2A0030B89B /* ViewController.m in Sources */,
				B654A5BA19EE15D8001AEE8F /* FMDatabase.m in Sources */,
				B654A5EB19EE16EB001AEE8F /* MSHelper.mm in Sources */,
				B6F459A2198B9CDF00F1331A /* AFXMLRequestOperation.m in Sources */,
				B654A63419EE69A7001AEE8F /* main.m in Sources */,
				B654A63E19EE69A7001AEE8F /* VPVideoPlayerView.m in Sources */,
				B6F4599F198B9CDF00F1331A /* AFNetworkActivityIndicatorManager.m in Sources */,
				B6F4599C198B9CDF00F1331A /* AFHTTPRequestOperation.m in Sources */,
				B654A64C19EE69A7001AEE8F /* VPViewController.m in Sources */,
				B654A5EE19EE16EB001AEE8F /* TKCodeHelper.mm in Sources */,
				B654A5F319EE16EB001AEE8F /* UIView+extention.m in Sources */,
				B654A5F019EE16EB001AEE8F /* UIColor+tk.m in Sources */,
				B654A5F719EE16EB001AEE8F /* UITAssistiveTouch.m in Sources */,
				B62848181988FD2A0030B89B /* AppDelegate.m in Sources */,
				B654A5F419EE16EB001AEE8F /* UIView+frame.m in Sources */,
				B654A5AD19EE0B04001AEE8F /* InstallOperation.m in Sources */,
				B6F4599D198B9CDF00F1331A /* AFImageRequestOperation.m in Sources */,
				B654A5A919EE0B04001AEE8F /* TDownloadItem.m in Sources */,
				B654A5F619EE16EB001AEE8F /* iToast.m in Sources */,
				B654A63D19EE69A7001AEE8F /* VideoPlayerObj.m in Sources */,
				B654A5F919EE16EB001AEE8F /* UITModalView.m in Sources */,
				B654A5B219EE1588001AEE8F /* LocalAppInfo.m in Sources */,
				B654A5AA19EE0B04001AEE8F /* TDownloadQueue.m in Sources */,
				B6F4599B198B9CDF00F1331A /* AFHTTPClient.m in Sources */,
				B654A63F19EE69A7001AEE8F /* CustomSliderView.m in Sources */,
				B654A5BC19EE15D8001AEE8F /* FMResultSet.m in Sources */,
				B6F4599E198B9CDF00F1331A /* AFJSONRequestOperation.m in Sources */,
				B62848141988FD2A0030B89B /* main.m in Sources */,
				B654A64F19EE69A7001AEE8F /* VidoPlayerTests.m in Sources */,
				B654A64B19EE69A7001AEE8F /* VPVideoPlayerViewController.m in Sources */,
				B654A5AF19EE0B04001AEE8F /* UninstallOperation.m in Sources */,
				B654A5AE19EE0B04001AEE8F /* TApplicationManager.m in Sources */,
				B654A64719EE69A7001AEE8F /* CCGetP2PUrl.m in Sources */,
				B654A5F119EE16EB001AEE8F /* UIImage+Color.m in Sources */,
				B654A5ED19EE16EB001AEE8F /* Reachability.m in Sources */,
				B654A5BB19EE15D8001AEE8F /* FMDatabaseAdditions.m in Sources */,
				B654A64919EE69A7001AEE8F /* VPAdView.m in Sources */,
				B654A64A19EE69A7001AEE8F /* VPAppDelegate.m in Sources */,
				B654A5F819EE16EB001AEE8F /* UITLoadingMaskView.m in Sources */,
			);
			runOnlyForDeploymentPostprocessing = 0;
		};
		B62848211988FD2A0030B89B /* Sources */ = {
			isa = PBXSourcesBuildPhase;
			buildActionMask = 2147483647;
			files = (
				B62848331988FD2A0030B89B /* DownloadDemoTests.m in Sources */,
			);
			runOnlyForDeploymentPostprocessing = 0;
		};
/* End PBXSourcesBuildPhase section */

/* Begin PBXTargetDependency section */
		B628482B1988FD2A0030B89B /* PBXTargetDependency */ = {
			isa = PBXTargetDependency;
			target = B62848031988FD2A0030B89B /* DownloadDemo */;
			targetProxy = B628482A1988FD2A0030B89B /* PBXContainerItemProxy */;
		};
/* End PBXTargetDependency section */

/* Begin PBXVariantGroup section */
		B62848101988FD2A0030B89B /* InfoPlist.strings */ = {
			isa = PBXVariantGroup;
			children = (
				B62848111988FD2A0030B89B /* en */,
			);
			name = InfoPlist.strings;
			sourceTree = "<group>";
		};
		B62848191988FD2A0030B89B /* Main.storyboard */ = {
			isa = PBXVariantGroup;
			children = (
				B628481A1988FD2A0030B89B /* Base */,
			);
			name = Main.storyboard;
			sourceTree = "<group>";
		};
		B628482F1988FD2A0030B89B /* InfoPlist.strings */ = {
			isa = PBXVariantGroup;
			children = (
				B62848301988FD2A0030B89B /* en */,
			);
			name = InfoPlist.strings;
			sourceTree = "<group>";
		};
		B654A5FC19EE69A7001AEE8F /* Main.storyboard */ = {
			isa = PBXVariantGroup;
			children = (
				B654A5FD19EE69A7001AEE8F /* Base */,
			);
			name = Main.storyboard;
			sourceTree = "<group>";
		};
		B654A5FE19EE69A7001AEE8F /* InfoPlist.strings */ = {
			isa = PBXVariantGroup;
			children = (
				B654A5FF19EE69A7001AEE8F /* en */,
			);
			name = InfoPlist.strings;
			sourceTree = "<group>";
		};
		B654A62D19EE69A7001AEE8F /* InfoPlist.strings */ = {
			isa = PBXVariantGroup;
			children = (
				B654A62E19EE69A7001AEE8F /* en */,
			);
			name = InfoPlist.strings;
			sourceTree = "<group>";
		};
/* End PBXVariantGroup section */

/* Begin XCBuildConfiguration section */
		B62848341988FD2A0030B89B /* Debug */ = {
			isa = XCBuildConfiguration;
			buildSettings = {
				ALWAYS_SEARCH_USER_PATHS = NO;
				CLANG_CXX_LANGUAGE_STANDARD = "gnu++0x";
				CLANG_CXX_LIBRARY = "libc++";
				CLANG_ENABLE_MODULES = YES;
				CLANG_ENABLE_OBJC_ARC = YES;
				CLANG_WARN_BOOL_CONVERSION = YES;
				CLANG_WARN_CONSTANT_CONVERSION = YES;
				CLANG_WARN_DIRECT_OBJC_ISA_USAGE = YES_ERROR;
				CLANG_WARN_EMPTY_BODY = YES;
				CLANG_WARN_ENUM_CONVERSION = YES;
				CLANG_WARN_INT_CONVERSION = YES;
				CLANG_WARN_OBJC_ROOT_CLASS = YES_ERROR;
				CLANG_WARN__DUPLICATE_METHOD_MATCH = YES;
				"CODE_SIGN_IDENTITY[sdk=iphoneos*]" = "iPhone Developer";
				COPY_PHASE_STRIP = NO;
				GCC_C_LANGUAGE_STANDARD = gnu99;
				GCC_DYNAMIC_NO_PIC = NO;
				GCC_OPTIMIZATION_LEVEL = 0;
				GCC_PREPROCESSOR_DEFINITIONS = (
					"DEBUG=1",
					"$(inherited)",
				);
				GCC_SYMBOLS_PRIVATE_EXTERN = NO;
				GCC_WARN_64_TO_32_BIT_CONVERSION = YES;
				GCC_WARN_ABOUT_RETURN_TYPE = YES_ERROR;
				GCC_WARN_UNDECLARED_SELECTOR = YES;
				GCC_WARN_UNINITIALIZED_AUTOS = YES_AGGRESSIVE;
				GCC_WARN_UNUSED_FUNCTION = YES;
				GCC_WARN_UNUSED_VARIABLE = YES;
				IPHONEOS_DEPLOYMENT_TARGET = 7.1;
				ONLY_ACTIVE_ARCH = YES;
				SDKROOT = iphoneos;
			};
			name = Debug;
		};
		B62848351988FD2A0030B89B /* Release */ = {
			isa = XCBuildConfiguration;
			buildSettings = {
				ALWAYS_SEARCH_USER_PATHS = NO;
				CLANG_CXX_LANGUAGE_STANDARD = "gnu++0x";
				CLANG_CXX_LIBRARY = "libc++";
				CLANG_ENABLE_MODULES = YES;
				CLANG_ENABLE_OBJC_ARC = YES;
				CLANG_WARN_BOOL_CONVERSION = YES;
				CLANG_WARN_CONSTANT_CONVERSION = YES;
				CLANG_WARN_DIRECT_OBJC_ISA_USAGE = YES_ERROR;
				CLANG_WARN_EMPTY_BODY = YES;
				CLANG_WARN_ENUM_CONVERSION = YES;
				CLANG_WARN_INT_CONVERSION = YES;
				CLANG_WARN_OBJC_ROOT_CLASS = YES_ERROR;
				CLANG_WARN__DUPLICATE_METHOD_MATCH = YES;
				"CODE_SIGN_IDENTITY[sdk=iphoneos*]" = "iPhone Developer";
				COPY_PHASE_STRIP = YES;
				ENABLE_NS_ASSERTIONS = NO;
				GCC_C_LANGUAGE_STANDARD = gnu99;
				GCC_WARN_64_TO_32_BIT_CONVERSION = YES;
				GCC_WARN_ABOUT_RETURN_TYPE = YES_ERROR;
				GCC_WARN_UNDECLARED_SELECTOR = YES;
				GCC_WARN_UNINITIALIZED_AUTOS = YES_AGGRESSIVE;
				GCC_WARN_UNUSED_FUNCTION = YES;
				GCC_WARN_UNUSED_VARIABLE = YES;
				IPHONEOS_DEPLOYMENT_TARGET = 7.1;
				SDKROOT = iphoneos;
				VALIDATE_PRODUCT = YES;
			};
			name = Release;
		};
		B62848371988FD2A0030B89B /* Debug */ = {
			isa = XCBuildConfiguration;
			buildSettings = {
				ASSETCATALOG_COMPILER_APPICON_NAME = AppIcon;
				ASSETCATALOG_COMPILER_LAUNCHIMAGE_NAME = LaunchImage;
				CLANG_ENABLE_OBJC_ARC = NO;
				GCC_PRECOMPILE_PREFIX_HEADER = YES;
				GCC_PREFIX_HEADER = "DownloadDemo/DownloadDemo-Prefix.pch";
				INFOPLIST_FILE = "DownloadDemo/DownloadDemo-Info.plist";
				PRODUCT_NAME = "$(TARGET_NAME)";
				WRAPPER_EXTENSION = app;
			};
			name = Debug;
		};
		B62848381988FD2A0030B89B /* Release */ = {
			isa = XCBuildConfiguration;
			buildSettings = {
				ASSETCATALOG_COMPILER_APPICON_NAME = AppIcon;
				ASSETCATALOG_COMPILER_LAUNCHIMAGE_NAME = LaunchImage;
				CLANG_ENABLE_OBJC_ARC = NO;
				GCC_PRECOMPILE_PREFIX_HEADER = YES;
				GCC_PREFIX_HEADER = "DownloadDemo/DownloadDemo-Prefix.pch";
				INFOPLIST_FILE = "DownloadDemo/DownloadDemo-Info.plist";
				PRODUCT_NAME = "$(TARGET_NAME)";
				WRAPPER_EXTENSION = app;
			};
			name = Release;
		};
		B628483A1988FD2A0030B89B /* Debug */ = {
			isa = XCBuildConfiguration;
			buildSettings = {
				BUNDLE_LOADER = "$(BUILT_PRODUCTS_DIR)/DownloadDemo.app/DownloadDemo";
				FRAMEWORK_SEARCH_PATHS = (
					"$(SDKROOT)/Developer/Library/Frameworks",
					"$(inherited)",
					"$(DEVELOPER_FRAMEWORKS_DIR)",
				);
				GCC_PRECOMPILE_PREFIX_HEADER = YES;
				GCC_PREFIX_HEADER = "DownloadDemo/DownloadDemo-Prefix.pch";
				GCC_PREPROCESSOR_DEFINITIONS = (
					"DEBUG=1",
					"$(inherited)",
				);
				INFOPLIST_FILE = "DownloadDemoTests/DownloadDemoTests-Info.plist";
				PRODUCT_NAME = "$(TARGET_NAME)";
				TEST_HOST = "$(BUNDLE_LOADER)";
				WRAPPER_EXTENSION = xctest;
			};
			name = Debug;
		};
		B628483B1988FD2A0030B89B /* Release */ = {
			isa = XCBuildConfiguration;
			buildSettings = {
				BUNDLE_LOADER = "$(BUILT_PRODUCTS_DIR)/DownloadDemo.app/DownloadDemo";
				FRAMEWORK_SEARCH_PATHS = (
					"$(SDKROOT)/Developer/Library/Frameworks",
					"$(inherited)",
					"$(DEVELOPER_FRAMEWORKS_DIR)",
				);
				GCC_PRECOMPILE_PREFIX_HEADER = YES;
				GCC_PREFIX_HEADER = "DownloadDemo/DownloadDemo-Prefix.pch";
				INFOPLIST_FILE = "DownloadDemoTests/DownloadDemoTests-Info.plist";
				PRODUCT_NAME = "$(TARGET_NAME)";
				TEST_HOST = "$(BUNDLE_LOADER)";
				WRAPPER_EXTENSION = xctest;
			};
			name = Release;
		};
/* End XCBuildConfiguration section */

/* Begin XCConfigurationList section */
		B62847FF1988FD2A0030B89B /* Build configuration list for PBXProject "DownloadDemo" */ = {
			isa = XCConfigurationList;
			buildConfigurations = (
				B62848341988FD2A0030B89B /* Debug */,
				B62848351988FD2A0030B89B /* Release */,
			);
			defaultConfigurationIsVisible = 0;
			defaultConfigurationName = Release;
		};
		B62848361988FD2A0030B89B /* Build configuration list for PBXNativeTarget "DownloadDemo" */ = {
			isa = XCConfigurationList;
			buildConfigurations = (
				B62848371988FD2A0030B89B /* Debug */,
				B62848381988FD2A0030B89B /* Release */,
			);
			defaultConfigurationIsVisible = 0;
			defaultConfigurationName = Release;
		};
		B62848391988FD2A0030B89B /* Build configuration list for PBXNativeTarget "DownloadDemoTests" */ = {
			isa = XCConfigurationList;
			buildConfigurations = (
				B628483A1988FD2A0030B89B /* Debug */,
				B628483B1988FD2A0030B89B /* Release */,
			);
			defaultConfigurationIsVisible = 0;
			defaultConfigurationName = Release;
		};
/* End XCConfigurationList section */
	};
	rootObject = B62847FC1988FD2A0030B89B /* Project object */;
}
